
Microsoft Visual Studio Solution File, Format Version 12.00
# Visual Studio Version 16
VisualStudioVersion = 16.0.34031.81
MinimumVisualStudioVersion = 10.0.40219.1
Project("{2150E333-8FDC-42A3-9474-1A3956D46DE8}") = "Task0", "Task0", "{79FCAE1B-7071-4478-847D-4A4C7ECC4DDF}"
EndProject
Project("{FAE04EC0-301F-11D3-BF4B-00C04F79EFBC}") = "Tyuiu.AvaevaPD.Sprint0.Task0.V0", "Tyuiu.AvaevaPD.Sprint0.Task0.V0\Tyuiu.AvaevaPD.Sprint0.Task0.V0.csproj", "{38A96073-330E-4EE7-A42A-07A1FEA0DB9F}"
EndProject
Project("{2150E333-8FDC-42A3-9474-1A3956D46DE8}") = "Task1", "Task1", "{240079A9-8142-4BE8-B445-14949F4BAC6C}"
EndProject
Project("{FAE04EC0-301F-11D3-BF4B-00C04F79EFBC}") = "Tyuiu.AvaevaPD.Sprint0.Task1.V0", "Tyuiu.AvaevaPD.Sprint0.Task1.V0\Tyuiu.AvaevaPD.Sprint0.Task1.V0.csproj", "{B7B5049D-8296-4317-B00E-FB59B87FD4B3}"
EndProject
Project("{2150E333-8FDC-42A3-9474-1A3956D46DE8}") = "Task2", "Task2", "{E28EBD51-C7E6-4DC0-A13C-25233233BA74}"
EndProject
Project("{FAE04EC0-301F-11D3-BF4B-00C04F79EFBC}") = "Tyuiu.AvaevaPD.Sprint0.Task2.V0", "Tyuiu.AvaevaPD.Sprint0.Task2.V0\Tyuiu.AvaevaPD.Sprint0.Task2.V0.csproj", "{CEB45742-FCEA-4C89-8D63-6BF03D271BC4}"
EndProject
Project("{FAE04EC0-301F-11D3-BF4B-00C04F79EFBC}") = "Tyuiu.AvaevaPD.Sprint0.Task2.V0.Lib", "Tyuiu.AvaevaPD.Sprint0.Task2.V0.Lib\Tyuiu.AvaevaPD.Sprint0.Task2.V0.Lib.csproj", "{89A8711C-9A81-4BB9-8761-5055DEF4286E}"
EndProject
Project("{FAE04EC0-301F-11D3-BF4B-00C04F79EFBC}") = "Tyuiu.AvaevaPD.Sprint0.Task2.V0.Test", "Tyuiu.AvaevaPD.Sprint0,Task2.V0.Test\Tyuiu.AvaevaPD.Sprint0.Task2.V0.Test.csproj", "{BB3EB623-676F-43E7-82C9-49531C862512}"
EndProject
Project("{2150E333-8FDC-42A3-9474-1A3956D46DE8}") = "NewFolder1", "NewFolder1", "{B95F60BE-1589-4A01-ADA3-8926F416AD39}"
EndProject
Project("{FAE04EC0-301F-11D3-BF4B-00C04F79EFBC}") = "Tyuiu.AvaevaPD.Sprint0.Task3.V0", "Tyuiu.AvaevaPD.Sprint0.Task3.V0\Tyuiu.AvaevaPD.Sprint0.Task3.V0.csproj", "{F13CDFBA-85F3-43A1-8F21-C3C19A0F0FDB}"
EndProject
Project("{FAE04EC0-301F-11D3-BF4B-00C04F79EFBC}") = "Tyuiu.AvaevaPD.Sprint0.Task3.V0.Lib", "Cl\Tyuiu.AvaevaPD.Sprint0.Task3.V0.Lib.csproj", "{338F9A54-A24B-4BF3-9749-BE4725E51902}"
EndProject
Project("{FAE04EC0-301F-11D3-BF4B-00C04F79EFBC}") = "Tyuiu.AvaevaPD.Sprint0.Task3.V0.Test", "Tyuiu.AvaevaPD.Sprint0.Task3.V0.Test\Tyuiu.AvaevaPD.Sprint0.Task3.V0.Test.csproj", "{EB92D30B-3AD2-4277-8056-19FD3A279261}"
EndProject
Project("{2150E333-8FDC-42A3-9474-1A3956D46DE8}") = "NewFolder2", "NewFolder2", "{DD568F0C-0316-4049-A3BF-78E1DA8F846B}"
EndProject
Project("{FAE04EC0-301F-11D3-BF4B-00C04F79EFBC}") = "Tyuiu.AvaevaPD.Sprint0.Task4.V0", "Tyuiu.AvaevaPD.Sprint0.Task4.V0\Tyuiu.AvaevaPD.Sprint0.Task4.V0.csproj", "{F736DEFE-1574-490B-8402-2C989DBD4E5D}"
EndProject
Project("{FAE04EC0-301F-11D3-BF4B-00C04F79EFBC}") = "Tyuiu.AvaevaPD.Sprint0.Task4.V0.Lib", "Tyuiu.AvaevaPD.Sprint0.Task4.V0.Lib\Tyuiu.AvaevaPD.Sprint0.Task4.V0.Lib.csproj", "{ED7FB86E-F670-4B6A-B949-C12A83999C5D}"
EndProject
Project("{FAE04EC0-301F-11D3-BF4B-00C04F79EFBC}") = "Tyuiu.AvaevaPD.Sprint0.Task4.V0.Test", "Tyuiu.AvaevaPD.Sprint0.Task4.V0.Test\Tyuiu.AvaevaPD.Sprint0.Task4.V0.Test.csproj", "{6A91C25D-0DC5-4E07-A6D8-3199D2B75C18}"
EndProject
Project("{2150E333-8FDC-42A3-9474-1A3956D46DE8}") = "NewFolder3", "NewFolder3", "{61C845A0-6C67-4998-AF94-3ECCD4AC7347}"
EndProject
Project("{FAE04EC0-301F-11D3-BF4B-00C04F79EFBC}") = "Tyuiu.AvaevaPD.Sprint0.Task5.V0", "Tyuiu.AvaevaPD.Sprint0.Task5.V0\Tyuiu.AvaevaPD.Sprint0.Task5.V0.csproj", "{2344E5DB-BBE9-4881-A3BF-396D6FE7912E}"
EndProject
Project("{FAE04EC0-301F-11D3-BF4B-00C04F79EFBC}") = "Tyuiu.AvaevaPD.Sprint0.Task5.V0.Lib", "Tyuiu.AvaevaPD.Sprint0.Task5.V0.Lib\Tyuiu.AvaevaPD.Sprint0.Task5.V0.Lib.csproj", "{5C9FA5F0-CE62-4CA5-B652-BFA54A495331}"
EndProject
Project("{FAE04EC0-301F-11D3-BF4B-00C04F79EFBC}") = "Tyuiu.AvaevaPD.Sprint0.Task5.V0.Test", "Tyuiu.AvaevaPD.Sprint0.Task5.V0.Test\Tyuiu.AvaevaPD.Sprint0.Task5.V0.Test.csproj", "{9C976ACD-8136-4FE6-B24D-7C1A7EF457D1}"
EndProject
Project("{2150E333-8FDC-42A3-9474-1A3956D46DE8}") = "NewFolder5", "NewFolder5", "{79F56CF3-25C3-4504-9B66-F867832D73F1}"
EndProject
Project("{FAE04EC0-301F-11D3-BF4B-00C04F79EFBC}") = "Tyuiu.AvaevaPD.Sprint0.Task6.V0.Lib", "Tyuiu.AvaevaPD.Sprint0.Task6.V0.Lib\Tyuiu.AvaevaPD.Sprint0.Task6.V0.Lib.csproj", "{170DC36D-68C9-4AF3-9512-B69E6BC87565}"
EndProject
Project("{FAE04EC0-301F-11D3-BF4B-00C04F79EFBC}") = "Tyuiu.AvaevaPD.Sprint0.Task6.V0.Test", "Tyuiu.AvaevaPD.Sprint0.Task6.V0.Test\Tyuiu.AvaevaPD.Sprint0.Task6.V0.Test.csproj", "{1C27719E-5778-4D6A-8F8A-36056D27F728}"
EndProject
Project("{FAE04EC0-301F-11D3-BF4B-00C04F79EFBC}") = "Tyuiu.AvaevaPD.Sprint0.Task6.V0", "Tyuiu.AvaevaPD.Sprint0.Task6.V0\Tyuiu.AvaevaPD.Sprint0.Task6.V0.csproj", "{35DC3141-1954-4868-935D-C4B00DA8FEE2}"
EndProject
Project("{2150E333-8FDC-42A3-9474-1A3956D46DE8}") = "NewFolder4", "NewFolder4", "{8F0B6DE8-8312-456F-B7E9-759FF20C68BB}"
EndProject
Project("{FAE04EC0-301F-11D3-BF4B-00C04F79EFBC}") = "Tyuiu.AvaevaPD.Sprint0.Task7.V0", "Tyuiu.AvaevaPD.Sprint0.Task7.V0\Tyuiu.AvaevaPD.Sprint0.Task7.V0.csproj", "{EEA6BC8F-9FC4-4718-B565-5E3C2C3C0D81}"
EndProject
Project("{FAE04EC0-301F-11D3-BF4B-00C04F79EFBC}") = "Tyuiu.AvaevaPD.Sprint0.Task7.V0.Lib", "Tyuiu.AvaevaPD.Sprint0.Task7.V0.Lib\Tyuiu.AvaevaPD.Sprint0.Task7.V0.Lib.csproj", "{2D966348-6BB5-4BAF-87E5-C2CC14A2F983}"
EndProject
Project("{FAE04EC0-301F-11D3-BF4B-00C04F79EFBC}") = "Tyuiu.AvaevaPD.Sprint0.Task7.V0.Test", "Tyuiu.AvaevaPD.Sprint0.Task7.V0.Test\Tyuiu.AvaevaPD.Sprint0.Task7.V0.Test.csproj", "{40C47E94-92DA-49B1-9C2E-2CF0CF2DDCD1}"
EndProject
Global
	GlobalSection(SolutionConfigurationPlatforms) = preSolution
		Debug|Any CPU = Debug|Any CPU
		Release|Any CPU = Release|Any CPU
	EndGlobalSection
	GlobalSection(ProjectConfigurationPlatforms) = postSolution
		{38A96073-330E-4EE7-A42A-07A1FEA0DB9F}.Debug|Any CPU.ActiveCfg = Debug|Any CPU
		{38A96073-330E-4EE7-A42A-07A1FEA0DB9F}.Debug|Any CPU.Build.0 = Debug|Any CPU
		{38A96073-330E-4EE7-A42A-07A1FEA0DB9F}.Release|Any CPU.ActiveCfg = Release|Any CPU
		{38A96073-330E-4EE7-A42A-07A1FEA0DB9F}.Release|Any CPU.Build.0 = Release|Any CPU
		{B7B5049D-8296-4317-B00E-FB59B87FD4B3}.Debug|Any CPU.ActiveCfg = Debug|Any CPU
		{B7B5049D-8296-4317-B00E-FB59B87FD4B3}.Debug|Any CPU.Build.0 = Debug|Any CPU
		{B7B5049D-8296-4317-B00E-FB59B87FD4B3}.Release|Any CPU.ActiveCfg = Release|Any CPU
		{B7B5049D-8296-4317-B00E-FB59B87FD4B3}.Release|Any CPU.Build.0 = Release|Any CPU
		{CEB45742-FCEA-4C89-8D63-6BF03D271BC4}.Debug|Any CPU.ActiveCfg = Debug|Any CPU
		{CEB45742-FCEA-4C89-8D63-6BF03D271BC4}.Debug|Any CPU.Build.0 = Debug|Any CPU
		{CEB45742-FCEA-4C89-8D63-6BF03D271BC4}.Release|Any CPU.ActiveCfg = Release|Any CPU
		{CEB45742-FCEA-4C89-8D63-6BF03D271BC4}.Release|Any CPU.Build.0 = Release|Any CPU
		{89A8711C-9A81-4BB9-8761-5055DEF4286E}.Debug|Any CPU.ActiveCfg = Debug|Any CPU
		{89A8711C-9A81-4BB9-8761-5055DEF4286E}.Debug|Any CPU.Build.0 = Debug|Any CPU
		{89A8711C-9A81-4BB9-8761-5055DEF4286E}.Release|Any CPU.ActiveCfg = Release|Any CPU
		{89A8711C-9A81-4BB9-8761-5055DEF4286E}.Release|Any CPU.Build.0 = Release|Any CPU
		{BB3EB623-676F-43E7-82C9-49531C862512}.Debug|Any CPU.ActiveCfg = Debug|Any CPU
		{BB3EB623-676F-43E7-82C9-49531C862512}.Debug|Any CPU.Build.0 = Debug|Any CPU
		{BB3EB623-676F-43E7-82C9-49531C862512}.Release|Any CPU.ActiveCfg = Release|Any CPU
		{BB3EB623-676F-43E7-82C9-49531C862512}.Release|Any CPU.Build.0 = Release|Any CPU
		{F13CDFBA-85F3-43A1-8F21-C3C19A0F0FDB}.Debug|Any CPU.ActiveCfg = Debug|Any CPU
		{F13CDFBA-85F3-43A1-8F21-C3C19A0F0FDB}.Debug|Any CPU.Build.0 = Debug|Any CPU
		{F13CDFBA-85F3-43A1-8F21-C3C19A0F0FDB}.Release|Any CPU.ActiveCfg = Release|Any CPU
		{F13CDFBA-85F3-43A1-8F21-C3C19A0F0FDB}.Release|Any CPU.Build.0 = Release|Any CPU
		{338F9A54-A24B-4BF3-9749-BE4725E51902}.Debug|Any CPU.ActiveCfg = Debug|Any CPU
		{338F9A54-A24B-4BF3-9749-BE4725E51902}.Debug|Any CPU.Build.0 = Debug|Any CPU
		{338F9A54-A24B-4BF3-9749-BE4725E51902}.Release|Any CPU.ActiveCfg = Release|Any CPU
		{338F9A54-A24B-4BF3-9749-BE4725E51902}.Release|Any CPU.Build.0 = Release|Any CPU
		{EB92D30B-3AD2-4277-8056-19FD3A279261}.Debug|Any CPU.ActiveCfg = Debug|Any CPU
		{EB92D30B-3AD2-4277-8056-19FD3A279261}.Debug|Any CPU.Build.0 = Debug|Any CPU
		{EB92D30B-3AD2-4277-8056-19FD3A279261}.Release|Any CPU.ActiveCfg = Release|Any CPU
		{EB92D30B-3AD2-4277-8056-19FD3A279261}.Release|Any CPU.Build.0 = Release|Any CPU
		{F736DEFE-1574-490B-8402-2C989DBD4E5D}.Debug|Any CPU.ActiveCfg = Debug|Any CPU
		{F736DEFE-1574-490B-8402-2C989DBD4E5D}.Debug|Any CPU.Build.0 = Debug|Any CPU
		{F736DEFE-1574-490B-8402-2C989DBD4E5D}.Release|Any CPU.ActiveCfg = Release|Any CPU
		{F736DEFE-1574-490B-8402-2C989DBD4E5D}.Release|Any CPU.Build.0 = Release|Any CPU
		{ED7FB86E-F670-4B6A-B949-C12A83999C5D}.Debug|Any CPU.ActiveCfg = Debug|Any CPU
		{ED7FB86E-F670-4B6A-B949-C12A83999C5D}.Debug|Any CPU.Build.0 = Debug|Any CPU
		{ED7FB86E-F670-4B6A-B949-C12A83999C5D}.Release|Any CPU.ActiveCfg = Release|Any CPU
		{ED7FB86E-F670-4B6A-B949-C12A83999C5D}.Release|Any CPU.Build.0 = Release|Any CPU
		{6A91C25D-0DC5-4E07-A6D8-3199D2B75C18}.Debug|Any CPU.ActiveCfg = Debug|Any CPU
		{6A91C25D-0DC5-4E07-A6D8-3199D2B75C18}.Debug|Any CPU.Build.0 = Debug|Any CPU
		{6A91C25D-0DC5-4E07-A6D8-3199D2B75C18}.Release|Any CPU.ActiveCfg = Release|Any CPU
		{6A91C25D-0DC5-4E07-A6D8-3199D2B75C18}.Release|Any CPU.Build.0 = Release|Any CPU
		{2344E5DB-BBE9-4881-A3BF-396D6FE7912E}.Debug|Any CPU.ActiveCfg = Debug|Any CPU
		{2344E5DB-BBE9-4881-A3BF-396D6FE7912E}.Debug|Any CPU.Build.0 = Debug|Any CPU
		{2344E5DB-BBE9-4881-A3BF-396D6FE7912E}.Release|Any CPU.ActiveCfg = Release|Any CPU
		{2344E5DB-BBE9-4881-A3BF-396D6FE7912E}.Release|Any CPU.Build.0 = Release|Any CPU
		{5C9FA5F0-CE62-4CA5-B652-BFA54A495331}.Debug|Any CPU.ActiveCfg = Debug|Any CPU
		{5C9FA5F0-CE62-4CA5-B652-BFA54A495331}.Debug|Any CPU.Build.0 = Debug|Any CPU
		{5C9FA5F0-CE62-4CA5-B652-BFA54A495331}.Release|Any CPU.ActiveCfg = Release|Any CPU
		{5C9FA5F0-CE62-4CA5-B652-BFA54A495331}.Release|Any CPU.Build.0 = Release|Any CPU
		{9C976ACD-8136-4FE6-B24D-7C1A7EF457D1}.Debug|Any CPU.ActiveCfg = Debug|Any CPU
		{9C976ACD-8136-4FE6-B24D-7C1A7EF457D1}.Debug|Any CPU.Build.0 = Debug|Any CPU
		{9C976ACD-8136-4FE6-B24D-7C1A7EF457D1}.Release|Any CPU.ActiveCfg = Release|Any CPU
		{9C976ACD-8136-4FE6-B24D-7C1A7EF457D1}.Release|Any CPU.Build.0 = Release|Any CPU
		{170DC36D-68C9-4AF3-9512-B69E6BC87565}.Debug|Any CPU.ActiveCfg = Debug|Any CPU
		{170DC36D-68C9-4AF3-9512-B69E6BC87565}.Debug|Any CPU.Build.0 = Debug|Any CPU
		{170DC36D-68C9-4AF3-9512-B69E6BC87565}.Release|Any CPU.ActiveCfg = Release|Any CPU
		{170DC36D-68C9-4AF3-9512-B69E6BC87565}.Release|Any CPU.Build.0 = Release|Any CPU
		{1C27719E-5778-4D6A-8F8A-36056D27F728}.Debug|Any CPU.ActiveCfg = Debug|Any CPU
		{1C27719E-5778-4D6A-8F8A-36056D27F728}.Debug|Any CPU.Build.0 = Debug|Any CPU
		{1C27719E-5778-4D6A-8F8A-36056D27F728}.Release|Any CPU.ActiveCfg = Release|Any CPU
		{1C27719E-5778-4D6A-8F8A-36056D27F728}.Release|Any CPU.Build.0 = Release|Any CPU
		{35DC3141-1954-4868-935D-C4B00DA8FEE2}.Debug|Any CPU.ActiveCfg = Debug|Any CPU
		{35DC3141-1954-4868-935D-C4B00DA8FEE2}.Debug|Any CPU.Build.0 = Debug|Any CPU
		{35DC3141-1954-4868-935D-C4B00DA8FEE2}.Release|Any CPU.ActiveCfg = Release|Any CPU
		{35DC3141-1954-4868-935D-C4B00DA8FEE2}.Release|Any CPU.Build.0 = Release|Any CPU
		{EEA6BC8F-9FC4-4718-B565-5E3C2C3C0D81}.Debug|Any CPU.ActiveCfg = Debug|Any CPU
		{EEA6BC8F-9FC4-4718-B565-5E3C2C3C0D81}.Debug|Any CPU.Build.0 = Debug|Any CPU
		{EEA6BC8F-9FC4-4718-B565-5E3C2C3C0D81}.Release|Any CPU.ActiveCfg = Release|Any CPU
		{EEA6BC8F-9FC4-4718-B565-5E3C2C3C0D81}.Release|Any CPU.Build.0 = Release|Any CPU
		{2D966348-6BB5-4BAF-87E5-C2CC14A2F983}.Debug|Any CPU.ActiveCfg = Debug|Any CPU
		{2D966348-6BB5-4BAF-87E5-C2CC14A2F983}.Debug|Any CPU.Build.0 = Debug|Any CPU
		{2D966348-6BB5-4BAF-87E5-C2CC14A2F983}.Release|Any CPU.ActiveCfg = Release|Any CPU
		{2D966348-6BB5-4BAF-87E5-C2CC14A2F983}.Release|Any CPU.Build.0 = Release|Any CPU
		{40C47E94-92DA-49B1-9C2E-2CF0CF2DDCD1}.Debug|Any CPU.ActiveCfg = Debug|Any CPU
		{40C47E94-92DA-49B1-9C2E-2CF0CF2DDCD1}.Debug|Any CPU.Build.0 = Debug|Any CPU
		{40C47E94-92DA-49B1-9C2E-2CF0CF2DDCD1}.Release|Any CPU.ActiveCfg = Release|Any CPU
		{40C47E94-92DA-49B1-9C2E-2CF0CF2DDCD1}.Release|Any CPU.Build.0 = Release|Any CPU
	EndGlobalSection
	GlobalSection(SolutionProperties) = preSolution
		HideSolutionNode = FALSE
	EndGlobalSection
	GlobalSection(NestedProjects) = preSolution
		{38A96073-330E-4EE7-A42A-07A1FEA0DB9F} = {79FCAE1B-7071-4478-847D-4A4C7ECC4DDF}
		{B7B5049D-8296-4317-B00E-FB59B87FD4B3} = {240079A9-8142-4BE8-B445-14949F4BAC6C}
		{CEB45742-FCEA-4C89-8D63-6BF03D271BC4} = {E28EBD51-C7E6-4DC0-A13C-25233233BA74}
		{89A8711C-9A81-4BB9-8761-5055DEF4286E} = {E28EBD51-C7E6-4DC0-A13C-25233233BA74}
		{BB3EB623-676F-43E7-82C9-49531C862512} = {E28EBD51-C7E6-4DC0-A13C-25233233BA74}
		{F13CDFBA-85F3-43A1-8F21-C3C19A0F0FDB} = {B95F60BE-1589-4A01-ADA3-8926F416AD39}
		{338F9A54-A24B-4BF3-9749-BE4725E51902} = {B95F60BE-1589-4A01-ADA3-8926F416AD39}
		{EB92D30B-3AD2-4277-8056-19FD3A279261} = {B95F60BE-1589-4A01-ADA3-8926F416AD39}
		{F736DEFE-1574-490B-8402-2C989DBD4E5D} = {DD568F0C-0316-4049-A3BF-78E1DA8F846B}
		{ED7FB86E-F670-4B6A-B949-C12A83999C5D} = {DD568F0C-0316-4049-A3BF-78E1DA8F846B}
		{6A91C25D-0DC5-4E07-A6D8-3199D2B75C18} = {DD568F0C-0316-4049-A3BF-78E1DA8F846B}
		{2344E5DB-BBE9-4881-A3BF-396D6FE7912E} = {61C845A0-6C67-4998-AF94-3ECCD4AC7347}
		{5C9FA5F0-CE62-4CA5-B652-BFA54A495331} = {61C845A0-6C67-4998-AF94-3ECCD4AC7347}
		{9C976ACD-8136-4FE6-B24D-7C1A7EF457D1} = {61C845A0-6C67-4998-AF94-3ECCD4AC7347}
		{170DC36D-68C9-4AF3-9512-B69E6BC87565} = {79F56CF3-25C3-4504-9B66-F867832D73F1}
		{1C27719E-5778-4D6A-8F8A-36056D27F728} = {79F56CF3-25C3-4504-9B66-F867832D73F1}
		{35DC3141-1954-4868-935D-C4B00DA8FEE2} = {79F56CF3-25C3-4504-9B66-F867832D73F1}
		{EEA6BC8F-9FC4-4718-B565-5E3C2C3C0D81} = {8F0B6DE8-8312-456F-B7E9-759FF20C68BB}
		{2D966348-6BB5-4BAF-87E5-C2CC14A2F983} = {8F0B6DE8-8312-456F-B7E9-759FF20C68BB}
		{40C47E94-92DA-49B1-9C2E-2CF0CF2DDCD1} = {8F0B6DE8-8312-456F-B7E9-759FF20C68BB}
	EndGlobalSection
	GlobalSection(ExtensibilityGlobals) = postSolution
		SolutionGuid = {D39EE66C-594E-4367-879F-FEFC28E8E84A}
	EndGlobalSection
EndGlobal
